
Microsoft Visual Studio Solution File, Format Version 12.00
# Visual Studio Version 17
VisualStudioVersion = 17.4.33122.133
MinimumVisualStudioVersion = 10.0.40219.1
Project("{FAE04EC0-301F-11D3-BF4B-00C04F79EFBC}") = "Client Side", "Client Side\Client Side.csproj", "{AE357DD1-13D6-4967-97F6-273667959472}"
EndProject
Global
	GlobalSection(SolutionConfigurationPlatforms) = preSolution
		Debug|Any CPU = Debug|Any CPU
		Release|Any CPU = Release|Any CPU
	EndGlobalSection
	GlobalSection(ProjectConfigurationPlatforms) = postSolution
		{AE357DD1-13D6-4967-97F6-273667959472}.Debug|Any CPU.ActiveCfg = Debug|Any CPU
		{AE357DD1-13D6-4967-97F6-273667959472}.Debug|Any CPU.Build.0 = Debug|Any CPU
		{AE357DD1-13D6-4967-97F6-273667959472}.Release|Any CPU.ActiveCfg = Release|Any CPU
		{AE357DD1-13D6-4967-97F6-273667959472}.Release|Any CPU.Build.0 = Release|Any CPU
	EndGlobalSection
	GlobalSection(SolutionProperties) = preSolution
		HideSolutionNode = FALSE
	EndGlobalSection
	GlobalSection(ExtensibilityGlobals) = postSolution
		SolutionGuid = {E75469D3-4382-4C48-892E-530693F6B06B}
	EndGlobalSection
EndGlobal
